<?xml version="1.0" encoding="UTF-8" standalone="yes" ?>
<CodeBlocks_project_file>
	<FileVersion major="1" minor="6" />
	<Project>
		<Option title="test_parser_lib" />
		<Option pch_mode="2" />
		<Option compiler="gcc" />
		<Build>
			<Target title="Debug">
				<Option output="bin/Debug/test_parser_lib" prefix_auto="1" extension_auto="1" />
				<Option object_output="obj/Debug/" />
				<Option type="1" />
				<Option compiler="gcc" />
				<Compiler>
					<Add option="-g" />
				</Compiler>
			</Target>
			<Target title="Release">
				<Option output="bin/Release/test_parser_lib" prefix_auto="1" extension_auto="1" />
				<Option object_output="obj/Release/" />
				<Option type="1" />
				<Option compiler="gcc" />
				<Compiler>
					<Add option="-O2" />
				</Compiler>
				<Linker>
					<Add option="-s" />
				</Linker>
			</Target>
		</Build>
		<Compiler>
			<Add option="-Wall" />
			<Add option="-fexceptions" />
			<Add directory="include" />
		</Compiler>
		<Unit filename="ast_visitor.h" />
		<Unit filename="batch_test.cpp" />
		<Unit filename="cpp_lexer_grammar.cpp" />
		<Unit filename="cpp_lexer_grammar.h" />
		<Unit filename="cpp_parser_grammar.cpp" />
		<Unit filename="cpp_parser_grammar.h" />
		<Unit filename="include/parserlib.hpp" />
		<Unit filename="include/parserlib/annotation_parse_node.hpp" />
		<Unit filename="include/parserlib/any_parse_node.hpp" />
		<Unit filename="include/parserlib/ast.hpp" />
		<Unit filename="include/parserlib/bool_parse_node.hpp" />
		<Unit filename="include/parserlib/choice_parse_node.hpp" />
		<Unit filename="include/parserlib/custom_comparator_string_parse_node.hpp" />
		<Unit filename="include/parserlib/custom_comparator_symbol_parse_node.hpp" />
		<Unit filename="include/parserlib/debug_parse_node.hpp" />
		<Unit filename="include/parserlib/end_parse_node.hpp" />
		<Unit filename="include/parserlib/error_match_parse_node.hpp" />
		<Unit filename="include/parserlib/error_parse_node.hpp" />
		<Unit filename="include/parserlib/function_parse_node.hpp" />
		<Unit filename="include/parserlib/id_name.hpp" />
		<Unit filename="include/parserlib/infinite_recursion_exception.hpp" />
		<Unit filename="include/parserlib/is_char.hpp" />
		<Unit filename="include/parserlib/is_parse_functor.hpp" />
		<Unit filename="include/parserlib/logical_and_parse_node.hpp" />
		<Unit filename="include/parserlib/logical_not_parse_node.hpp" />
		<Unit filename="include/parserlib/loop_0_parse_node.hpp" />
		<Unit filename="include/parserlib/loop_1_parse_node.hpp" />
		<Unit filename="include/parserlib/loop_break_parse_node.hpp" />
		<Unit filename="include/parserlib/loop_functions.hpp" />
		<Unit filename="include/parserlib/match_parse_node.hpp" />
		<Unit filename="include/parserlib/named_parse_node.hpp" />
		<Unit filename="include/parserlib/newline_parse_node.hpp" />
		<Unit filename="include/parserlib/on_error_parse_node.hpp" />
		<Unit filename="include/parserlib/optional_parse_node.hpp" />
		<Unit filename="include/parserlib/parse_context.hpp" />
		<Unit filename="include/parserlib/parse_context_data.hpp" />
		<Unit filename="include/parserlib/parse_context_default_options.hpp" />
		<Unit filename="include/parserlib/parse_context_extensions.hpp" />
		<Unit filename="include/parserlib/parse_context_options.hpp" />
		<Unit filename="include/parserlib/parse_node.hpp" />
		<Unit filename="include/parserlib/parse_node_wrapper.hpp" />
		<Unit filename="include/parserlib/range_parse_node.hpp" />
		<Unit filename="include/parserlib/rule.hpp" />
		<Unit filename="include/parserlib/rule_optimizations.hpp" />
		<Unit filename="include/parserlib/rule_ref_parse_node.hpp" />
		<Unit filename="include/parserlib/sequence_parse_node.hpp" />
		<Unit filename="include/parserlib/set_parse_node.hpp" />
		<Unit filename="include/parserlib/skip_after_parse_node.hpp" />
		<Unit filename="include/parserlib/skip_before_parse_node.hpp" />
		<Unit filename="include/parserlib/skip_node_base.hpp" />
		<Unit filename="include/parserlib/string_parse_node.hpp" />
		<Unit filename="include/parserlib/symbol_functions.hpp" />
		<Unit filename="include/parserlib/symbol_parse_node.hpp" />
		<Unit filename="include/parserlib/tokenize_and_parse.hpp" />
		<Unit filename="include/parserlib/tuple.hpp" />
		<Unit filename="include/parserlib/utilities.hpp" />
		<Unit filename="main.cpp" />
		<Extensions />
	</Project>
</CodeBlocks_project_file>
