<?xml version="1.0" encoding="UTF-8" standalone="yes" ?>
<CodeBlocks_project_file>
	<FileVersion major="1" minor="6" />
	<Project>
		<Option title="test_parser_lib" />
		<Option pch_mode="2" />
		<Option compiler="gcc" />
		<Build>
			<Target title="Debug">
				<Option output="bin/Debug/test_parser_lib" prefix_auto="1" extension_auto="1" />
				<Option object_output="obj/Debug/" />
				<Option type="1" />
				<Option compiler="gcc" />
				<Compiler>
					<Add option="-g" />
				</Compiler>
			</Target>
			<Target title="Release">
				<Option output="bin/Release/test_parser_lib" prefix_auto="1" extension_auto="1" />
				<Option object_output="obj/Release/" />
				<Option type="1" />
				<Option compiler="gcc" />
				<Compiler>
					<Add option="-O2" />
				</Compiler>
				<Linker>
					<Add option="-s" />
				</Linker>
			</Target>
		</Build>
		<Compiler>
			<Add option="-Wall" />
			<Add option="-fexceptions" />
			<Add directory="include" />
		</Compiler>
		<Unit filename="ast_visitor.h" />
		<Unit filename="cpp_lexer_grammar.cpp" />
		<Unit filename="cpp_lexer_grammar.h" />
		<Unit filename="cpp_parser_grammar.cpp" />
		<Unit filename="cpp_parser_grammar.h" />
		<Unit filename="include/languages/ebnf_parser.hpp" />
		<Unit filename="include/parserlib.hpp" />
		<Unit filename="include/parserlib/ast.hpp" />
		<Unit filename="include/parserlib/binary_parse_nodes.hpp" />
		<Unit filename="include/parserlib/error_handling_parse_nodes.hpp" />
		<Unit filename="include/parserlib/lexer_parser.hpp" />
		<Unit filename="include/parserlib/other_parse_nodes.hpp" />
		<Unit filename="include/parserlib/parse_context.hpp" />
		<Unit filename="include/parserlib/parse_node.hpp" />
		<Unit filename="include/parserlib/rule.hpp" />
		<Unit filename="include/parserlib/strings.hpp" />
		<Unit filename="include/parserlib/terminal_parse_nodes.hpp" />
		<Unit filename="include/parserlib/unary_parse_nodes.hpp" />
		<Unit filename="include/parserlib/utility.hpp" />
		<Unit filename="main.cpp" />
		<Extensions />
	</Project>
</CodeBlocks_project_file>
